lockfileVersion: '9.0'

settings:
  autoInstallPeers: true
  excludeLinksFromLockfile: false

importers:

  .:
    dependencies:
      '@cliffy/ansi':
        specifier: jsr:1.0.0-rc.8
        version: '@jsr/cliffy__ansi@1.0.0-rc.8'
      '@cliffy/command':
        specifier: jsr:1.0.0-rc.8
        version: '@jsr/cliffy__command@1.0.0-rc.8'
      '@cliffy/prompt':
        specifier: npm:@jsr/cliffy__prompt@1.0.0-rc.8
        version: '@jsr/cliffy__prompt@1.0.0-rc.8'
      '@opentui/core':
        specifier: ^0.1.50
        version: 0.1.50(stage-js@1.0.0-alpha.17)(typescript@5.9.3)(web-tree-sitter@0.25.10)
      '@opentui/react':
        specifier: ^0.1.50
        version: 0.1.50(react@19.2.0)(stage-js@1.0.0-alpha.17)(typescript@5.9.3)(web-tree-sitter@0.25.10)
      '@std/path':
        specifier: npm:@jsr/std__path@^1.1.3
        version: '@jsr/std__path@1.1.3'
      glob:
        specifier: ^13.0.0
        version: 13.0.0
      react:
        specifier: ^19.2.0
        version: 19.2.0
    devDependencies:
      '@biomejs/biome':
        specifier: 2.3.7
        version: 2.3.7
      '@mux/mux-node':
        specifier: file:../mux-node-sdk/dist
        version: file:../mux-node-sdk/dist
      '@types/bun':
        specifier: latest
        version: 1.3.2(@types/react@19.2.7)
      '@types/react':
        specifier: ^19.2.7
        version: 19.2.7
      typescript:
        specifier: ^5.0.0
        version: 5.9.3

packages:

  '@biomejs/biome@2.3.7':
    resolution: {integrity: sha512-CTbAS/jNAiUc6rcq94BrTB8z83O9+BsgWj2sBCQg9rD6Wkh2gjfR87usjx0Ncx0zGXP1NKgT7JNglay5Zfs9jw==}
    engines: {node: '>=14.21.3'}
    hasBin: true

  '@biomejs/cli-darwin-arm64@2.3.7':
    resolution: {integrity: sha512-LirkamEwzIUULhXcf2D5b+NatXKeqhOwilM+5eRkbrnr6daKz9rsBL0kNZ16Hcy4b8RFq22SG4tcLwM+yx/wFA==}
    engines: {node: '>=14.21.3'}
    cpu: [arm64]
    os: [darwin]

  '@biomejs/cli-darwin-x64@2.3.7':
    resolution: {integrity: sha512-Q4TO633kvrMQkKIV7wmf8HXwF0dhdTD9S458LGE24TYgBjSRbuhvio4D5eOQzirEYg6eqxfs53ga/rbdd8nBKg==}
    engines: {node: '>=14.21.3'}
    cpu: [x64]
    os: [darwin]

  '@biomejs/cli-linux-arm64-musl@2.3.7':
    resolution: {integrity: sha512-/afy8lto4CB8scWfMdt+NoCZtatBUF62Tk3ilWH2w8ENd5spLhM77zKlFZEvsKJv9AFNHknMl03zO67CiklL2Q==}
    engines: {node: '>=14.21.3'}
    cpu: [arm64]
    os: [linux]

  '@biomejs/cli-linux-arm64@2.3.7':
    resolution: {integrity: sha512-inHOTdlstUBzgjDcx0ge71U4SVTbwAljmkfi3MC5WzsYCRhancqfeL+sa4Ke6v2ND53WIwCFD5hGsYExoI3EZQ==}
    engines: {node: '>=14.21.3'}
    cpu: [arm64]
    os: [linux]

  '@biomejs/cli-linux-x64-musl@2.3.7':
    resolution: {integrity: sha512-CQUtgH1tIN6e5wiYSJqzSwJumHYolNtaj1dwZGCnZXm2PZU1jOJof9TsyiP3bXNDb+VOR7oo7ZvY01If0W3iFQ==}
    engines: {node: '>=14.21.3'}
    cpu: [x64]
    os: [linux]

  '@biomejs/cli-linux-x64@2.3.7':
    resolution: {integrity: sha512-fJMc3ZEuo/NaMYo5rvoWjdSS5/uVSW+HPRQujucpZqm2ZCq71b8MKJ9U4th9yrv2L5+5NjPF0nqqILCl8HY/fg==}
    engines: {node: '>=14.21.3'}
    cpu: [x64]
    os: [linux]

  '@biomejs/cli-win32-arm64@2.3.7':
    resolution: {integrity: sha512-aJAE8eCNyRpcfx2JJAtsPtISnELJ0H4xVVSwnxm13bzI8RwbXMyVtxy2r5DV1xT3WiSP+7LxORcApWw0LM8HiA==}
    engines: {node: '>=14.21.3'}
    cpu: [arm64]
    os: [win32]

  '@biomejs/cli-win32-x64@2.3.7':
    resolution: {integrity: sha512-pulzUshqv9Ed//MiE8MOUeeEkbkSHVDVY5Cz5wVAnH1DUqliCQG3j6s1POaITTFqFfo7AVIx2sWdKpx/GS+Nqw==}
    engines: {node: '>=14.21.3'}
    cpu: [x64]
    os: [win32]

  '@dimforge/rapier2d-simd-compat@0.17.3':
    resolution: {integrity: sha512-bijvwWz6NHsNj5e5i1vtd3dU2pDhthSaTUZSh14DUGGKJfw8eMnlWZsxwHBxB/a3AXVNDjL9abuHw1k9FGR+jg==}

  '@isaacs/balanced-match@4.0.1':
    resolution: {integrity: sha512-yzMTt9lEb8Gv7zRioUilSglI0c0smZ9k5D65677DLWLtWJaXIS3CqcGyUFByYKlnUj6TkjLVs54fBl6+TiGQDQ==}
    engines: {node: 20 || >=22}

  '@isaacs/brace-expansion@5.0.0':
    resolution: {integrity: sha512-ZT55BDLV0yv0RBm2czMiZ+SqCGO7AvmOM3G/w2xhVPH+te0aKgFjmBvGlL1dH+ql2tgGO3MVrbb3jCKyvpgnxA==}
    engines: {node: 20 || >=22}

  '@jimp/core@1.6.0':
    resolution: {integrity: sha512-EQQlKU3s9QfdJqiSrZWNTxBs3rKXgO2W+GxNXDtwchF3a4IqxDheFX1ti+Env9hdJXDiYLp2jTRjlxhPthsk8w==}
    engines: {node: '>=18'}

  '@jimp/diff@1.6.0':
    resolution: {integrity: sha512-+yUAQ5gvRC5D1WHYxjBHZI7JBRusGGSLf8AmPRPCenTzh4PA+wZ1xv2+cYqQwTfQHU5tXYOhA0xDytfHUf1Zyw==}
    engines: {node: '>=18'}

  '@jimp/file-ops@1.6.0':
    resolution: {integrity: sha512-Dx/bVDmgnRe1AlniRpCKrGRm5YvGmUwbDzt+MAkgmLGf+jvBT75hmMEZ003n9HQI/aPnm/YKnXjg/hOpzNCpHQ==}
    engines: {node: '>=18'}

  '@jimp/js-bmp@1.6.0':
    resolution: {integrity: sha512-FU6Q5PC/e3yzLyBDXupR3SnL3htU7S3KEs4e6rjDP6gNEOXRFsWs6YD3hXuXd50jd8ummy+q2WSwuGkr8wi+Gw==}
    engines: {node: '>=18'}

  '@jimp/js-gif@1.6.0':
    resolution: {integrity: sha512-N9CZPHOrJTsAUoWkWZstLPpwT5AwJ0wge+47+ix3++SdSL/H2QzyMqxbcDYNFe4MoI5MIhATfb0/dl/wmX221g==}
    engines: {node: '>=18'}

  '@jimp/js-jpeg@1.6.0':
    resolution: {integrity: sha512-6vgFDqeusblf5Pok6B2DUiMXplH8RhIKAryj1yn+007SIAQ0khM1Uptxmpku/0MfbClx2r7pnJv9gWpAEJdMVA==}
    engines: {node: '>=18'}

  '@jimp/js-png@1.6.0':
    resolution: {integrity: sha512-AbQHScy3hDDgMRNfG0tPjL88AV6qKAILGReIa3ATpW5QFjBKpisvUaOqhzJ7Reic1oawx3Riyv152gaPfqsBVg==}
    engines: {node: '>=18'}

  '@jimp/js-tiff@1.6.0':
    resolution: {integrity: sha512-zhReR8/7KO+adijj3h0ZQUOiun3mXUv79zYEAKvE0O+rP7EhgtKvWJOZfRzdZSNv0Pu1rKtgM72qgtwe2tFvyw==}
    engines: {node: '>=18'}

  '@jimp/plugin-blit@1.6.0':
    resolution: {integrity: sha512-M+uRWl1csi7qilnSK8uxK4RJMSuVeBiO1AY0+7APnfUbQNZm6hCe0CCFv1Iyw1D/Dhb8ph8fQgm5mwM0eSxgVA==}
    engines: {node: '>=18'}

  '@jimp/plugin-blur@1.6.0':
    resolution: {integrity: sha512-zrM7iic1OTwUCb0g/rN5y+UnmdEsT3IfuCXCJJNs8SZzP0MkZ1eTvuwK9ZidCuMo4+J3xkzCidRwYXB5CyGZTw==}
    engines: {node: '>=18'}

  '@jimp/plugin-circle@1.6.0':
    resolution: {integrity: sha512-xt1Gp+LtdMKAXfDp3HNaG30SPZW6AQ7dtAtTnoRKorRi+5yCJjKqXRgkewS5bvj8DEh87Ko1ydJfzqS3P2tdWw==}
    engines: {node: '>=18'}

  '@jimp/plugin-color@1.6.0':
    resolution: {integrity: sha512-J5q8IVCpkBsxIXM+45XOXTrsyfblyMZg3a9eAo0P7VPH4+CrvyNQwaYatbAIamSIN1YzxmO3DkIZXzRjFSz1SA==}
    engines: {node: '>=18'}

  '@jimp/plugin-contain@1.6.0':
    resolution: {integrity: sha512-oN/n+Vdq/Qg9bB4yOBOxtY9IPAtEfES8J1n9Ddx+XhGBYT1/QTU/JYkGaAkIGoPnyYvmLEDqMz2SGihqlpqfzQ==}
    engines: {node: '>=18'}

  '@jimp/plugin-cover@1.6.0':
    resolution: {integrity: sha512-Iow0h6yqSC269YUJ8HC3Q/MpCi2V55sMlbkkTTx4zPvd8mWZlC0ykrNDeAy9IJegrQ7v5E99rJwmQu25lygKLA==}
    engines: {node: '>=18'}

  '@jimp/plugin-crop@1.6.0':
    resolution: {integrity: sha512-KqZkEhvs+21USdySCUDI+GFa393eDIzbi1smBqkUPTE+pRwSWMAf01D5OC3ZWB+xZsNla93BDS9iCkLHA8wang==}
    engines: {node: '>=18'}

  '@jimp/plugin-displace@1.6.0':
    resolution: {integrity: sha512-4Y10X9qwr5F+Bo5ME356XSACEF55485j5nGdiyJ9hYzjQP9nGgxNJaZ4SAOqpd+k5sFaIeD7SQ0Occ26uIng5Q==}
    engines: {node: '>=18'}

  '@jimp/plugin-dither@1.6.0':
    resolution: {integrity: sha512-600d1RxY0pKwgyU0tgMahLNKsqEcxGdbgXadCiVCoGd6V6glyCvkNrnnwC0n5aJ56Htkj88PToSdF88tNVZEEQ==}
    engines: {node: '>=18'}

  '@jimp/plugin-fisheye@1.6.0':
    resolution: {integrity: sha512-E5QHKWSCBFtpgZarlmN3Q6+rTQxjirFqo44ohoTjzYVrDI6B6beXNnPIThJgPr0Y9GwfzgyarKvQuQuqCnnfbA==}
    engines: {node: '>=18'}

  '@jimp/plugin-flip@1.6.0':
    resolution: {integrity: sha512-/+rJVDuBIVOgwoyVkBjUFHtP+wmW0r+r5OQ2GpatQofToPVbJw1DdYWXlwviSx7hvixTWLKVgRWQ5Dw862emDg==}
    engines: {node: '>=18'}

  '@jimp/plugin-hash@1.6.0':
    resolution: {integrity: sha512-wWzl0kTpDJgYVbZdajTf+4NBSKvmI3bRI8q6EH9CVeIHps9VWVsUvEyb7rpbcwVLWYuzDtP2R0lTT6WeBNQH9Q==}
    engines: {node: '>=18'}

  '@jimp/plugin-mask@1.6.0':
    resolution: {integrity: sha512-Cwy7ExSJMZszvkad8NV8o/Z92X2kFUFM8mcDAhNVxU0Q6tA0op2UKRJY51eoK8r6eds/qak3FQkXakvNabdLnA==}
    engines: {node: '>=18'}

  '@jimp/plugin-print@1.6.0':
    resolution: {integrity: sha512-zarTIJi8fjoGMSI/M3Xh5yY9T65p03XJmPsuNet19K/Q7mwRU6EV2pfj+28++2PV2NJ+htDF5uecAlnGyxFN2A==}
    engines: {node: '>=18'}

  '@jimp/plugin-quantize@1.6.0':
    resolution: {integrity: sha512-EmzZ/s9StYQwbpG6rUGBCisc3f64JIhSH+ncTJd+iFGtGo0YvSeMdAd+zqgiHpfZoOL54dNavZNjF4otK+mvlg==}
    engines: {node: '>=18'}

  '@jimp/plugin-resize@1.6.0':
    resolution: {integrity: sha512-uSUD1mqXN9i1SGSz5ov3keRZ7S9L32/mAQG08wUwZiEi5FpbV0K8A8l1zkazAIZi9IJzLlTauRNU41Mi8IF9fA==}
    engines: {node: '>=18'}

  '@jimp/plugin-rotate@1.6.0':
    resolution: {integrity: sha512-JagdjBLnUZGSG4xjCLkIpQOZZ3Mjbg8aGCCi4G69qR+OjNpOeGI7N2EQlfK/WE8BEHOW5vdjSyglNqcYbQBWRw==}
    engines: {node: '>=18'}

  '@jimp/plugin-threshold@1.6.0':
    resolution: {integrity: sha512-M59m5dzLoHOVWdM41O8z9SyySzcDn43xHseOH0HavjsfQsT56GGCC4QzU1banJidbUrePhzoEdS42uFE8Fei8w==}
    engines: {node: '>=18'}

  '@jimp/types@1.6.0':
    resolution: {integrity: sha512-7UfRsiKo5GZTAATxm2qQ7jqmUXP0DxTArztllTcYdyw6Xi5oT4RaoXynVtCD4UyLK5gJgkZJcwonoijrhYFKfg==}
    engines: {node: '>=18'}

  '@jimp/utils@1.6.0':
    resolution: {integrity: sha512-gqFTGEosKbOkYF/WFj26jMHOI5OH2jeP1MmC/zbK6BF6VJBf8rIC5898dPfSzZEbSA0wbbV5slbntWVc5PKLFA==}
    engines: {node: '>=18'}

  '@jsr/cliffy__ansi@1.0.0-rc.8':
    resolution: {integrity: sha512-2N2ZNnLLhjojasZpwOOJ1Q8yT9MWNidgEakpoWl5HCjvUhcR7hJolQJVMlM31MS8IPMJIsZXz+5E6uFwHr2eFg==, tarball: https://npm.jsr.io/~/11/@jsr/cliffy__ansi/1.0.0-rc.8.tgz}

  '@jsr/cliffy__command@1.0.0-rc.8':
    resolution: {integrity: sha512-ayYncuw/PTIiceKKMEZPyv9Qu39Pt6bNTBariKjZi0th5Je4am6RNC+FSXEAHPJBH+bAY3S0lwaFsEGC9uPEmg==, tarball: https://npm.jsr.io/~/11/@jsr/cliffy__command/1.0.0-rc.8.tgz}

  '@jsr/cliffy__flags@1.0.0-rc.8':
    resolution: {integrity: sha512-gbIPx2XIxkNlAQikraWm4h+C77tHmE8NQhwIX6Qn2rrU32uh/Vg4OXklXvlrkfrcs3wMbOd/SZ9e/wVqM0H8/w==, tarball: https://npm.jsr.io/~/11/@jsr/cliffy__flags/1.0.0-rc.8.tgz}

  '@jsr/cliffy__internal@1.0.0-rc.8':
    resolution: {integrity: sha512-xKIMr2v5+R5qNw7CWqic2ulhZE3cXPKB40rb5mibsUrtJkC55Ha/3PGgTm1W9SWH1+IqA/FfC2ikpjzCXSKVBw==, tarball: https://npm.jsr.io/~/11/@jsr/cliffy__internal/1.0.0-rc.8.tgz}

  '@jsr/cliffy__keycode@1.0.0-rc.8':
    resolution: {integrity: sha512-Go03h5icZMgkFJ9vP9W0puUXcam9z8JaeQq3fXWameJfqNlyF9XSk17HJ7J39XVd7vkGxaS80C1769+tx1bT4g==, tarball: https://npm.jsr.io/~/11/@jsr/cliffy__keycode/1.0.0-rc.8.tgz}

  '@jsr/cliffy__prompt@1.0.0-rc.8':
    resolution: {integrity: sha512-s/Qb/fTGRUD9ok+kbd8QXIdP8y5a37hG4mQGtut4xozxPAMTZzLfJVZA/wOEDR4Xo7lrgGmBChDxxxTsROXnIQ==, tarball: https://npm.jsr.io/~/11/@jsr/cliffy__prompt/1.0.0-rc.8.tgz}

  '@jsr/cliffy__table@1.0.0-rc.8':
    resolution: {integrity: sha512-7r94r56TLd17raKyZQHV3/qLngy2Lusuy4rjA/5QMDNM0lDIwZw67lmRMxpyX6+qzAxzRAJ8dtTvFSvGwrSqgg==, tarball: https://npm.jsr.io/~/11/@jsr/cliffy__table/1.0.0-rc.8.tgz}

  '@jsr/std__assert@1.0.16':
    resolution: {integrity: sha512-bX9ih0nR1kQ12/cnQRCQU0ppTCV7MFkP0qjyWxJRoDI8RC5cpTAmLFH/KcFgxmdN4flKkRbub8VtLuyKq+4OxA==, tarball: https://npm.jsr.io/~/11/@jsr/std__assert/1.0.16.tgz}

  '@jsr/std__bytes@1.0.6':
    resolution: {integrity: sha512-St6yKggjFGhxS52IFLJWvkchRFbAKg2Xh8UxA4S1EGz7GJ2Ui+ssDDldj/w2c8vCxvl6qgR0HaYbKeFJNqujmA==, tarball: https://npm.jsr.io/~/11/@jsr/std__bytes/1.0.6.tgz}

  '@jsr/std__encoding@1.0.10':
    resolution: {integrity: sha512-WK2njnDTyKefroRNk2Ooq7GStp6Y0ccAvr4To+Z/zecRAGe7+OSvH9DbiaHpAKwEi2KQbmpWMOYsdNt+TsdmSw==, tarball: https://npm.jsr.io/~/11/@jsr/std__encoding/1.0.10.tgz}

  '@jsr/std__fmt@1.0.8':
    resolution: {integrity: sha512-miZHzj9OgjuajrcMKzpqNVwFb9O71UHZzV/FHVq0E0Uwmv/1JqXgmXAoBNPrn+MP0fHT3mMgaZ6XvQO7dam67Q==, tarball: https://npm.jsr.io/~/11/@jsr/std__fmt/1.0.8.tgz}

  '@jsr/std__internal@1.0.12':
    resolution: {integrity: sha512-6xReMW9p+paJgqoFRpOE2nogJFvzPfaLHLIlyADYjKMUcwDyjKZxryIbgcU+gxiTygn8yCjld1HoI0ET4/iZeA==, tarball: https://npm.jsr.io/~/11/@jsr/std__internal/1.0.12.tgz}

  '@jsr/std__io@0.224.9':
    resolution: {integrity: sha512-MwBAa4WDb2yOuzbd21cweZfIFnH5I0ICOtCTi2ckHLQ+Dx99gvavXPX+e7nqrahaDuaaBlZcA5TC6XHh99IOpw==, tarball: https://npm.jsr.io/~/11/@jsr/std__io/0.224.9.tgz}

  '@jsr/std__path@1.0.9':
    resolution: {integrity: sha512-RgmPBRH22dP5D3ojPqsqH8eXHvOv9uOOycmnIzTeP0ufkw/B0Qgjbmn6JgFsJS1VD6iqhfYDXmlqf/jSARz/Gg==, tarball: https://npm.jsr.io/~/11/@jsr/std__path/1.0.9.tgz}

  '@jsr/std__path@1.1.3':
    resolution: {integrity: sha512-7HAc3nOGizbIunNCUQ4mrF7XY/SpAEIlq5pBR0sOzkcLB7520baEqnOmXTFiIUTp/umKE5ArEegMM1F39N51Rg==, tarball: https://npm.jsr.io/~/11/@jsr/std__path/1.1.3.tgz}

  '@jsr/std__regexp@1.0.1':
    resolution: {integrity: sha512-AnGeP//DHpPvhCWjI5dR4o013JhCQioD8yMF8drD7PWb0X4kvmO35hbZi+NZhfSolz4Ts2cpPzJY+DUpi2XE9A==, tarball: https://npm.jsr.io/~/11/@jsr/std__regexp/1.0.1.tgz}

  '@jsr/std__text@1.0.16':
    resolution: {integrity: sha512-UawOIn+Vu0BBusfOpToMXHISa/z8vDUKxXntQGVM5w6e9W1XkFzylnbc0cWWa9f0dESlxDyjvReHzPNM86hYlA==, tarball: https://npm.jsr.io/~/11/@jsr/std__text/1.0.16.tgz}

  '@mux/mux-node@file:../mux-node-sdk/dist':
    resolution: {directory: ../mux-node-sdk/dist, type: directory}

  '@opentui/core-darwin-arm64@0.1.50':
    resolution: {integrity: sha512-FKqTDOsZl9TXF7KN2SdZKoRHQNvqKSY27AG3jhKCoiyLGdaNCAsaeBWqAmpnL4E4kMkV3aiQSCrKTrYsaevvOg==}
    cpu: [arm64]
    os: [darwin]

  '@opentui/core-darwin-x64@0.1.50':
    resolution: {integrity: sha512-GczVNqqpM/HtsgeBB08K6zL1B7oc6Y5G2cMklo06LrYRdDkFdDtY5fNNnJR2/psZWzTrI3M+sLnKWgUGD5CxUQ==}
    cpu: [x64]
    os: [darwin]

  '@opentui/core-linux-arm64@0.1.50':
    resolution: {integrity: sha512-+CKMhweEXH0tLGM6qqaqk6DyCEmwrTVubTtez/pSM3GgcROSXIBui9TEZpIlPgSCVmjbotGS6eSIg4oU+p9o7w==}
    cpu: [arm64]
    os: [linux]

  '@opentui/core-linux-x64@0.1.50':
    resolution: {integrity: sha512-yv5KWiMohAK9bsi1gth9DDZDpoJA1EDHexjhThsPT8EH82g13T088dnJZuJWUE9dr1OwTCQG8DyorNxX3ViEGQ==}
    cpu: [x64]
    os: [linux]

  '@opentui/core-win32-arm64@0.1.50':
    resolution: {integrity: sha512-6/6pURTRNTLFKF8IhYVi7U+T/HGMeURav9LIYw7yfcOibd0kLMthmemhS0Lzyk5dmtp0T4V4NmRmtlq/fIzyjQ==}
    cpu: [arm64]
    os: [win32]

  '@opentui/core-win32-x64@0.1.50':
    resolution: {integrity: sha512-EME8GBFq9uCLbH5js8fH7/xY4ZtLIZlt3bkYKT6lPiCNdaf/6ebg+F/ObPXFkJrc8VeV1ql2bXhQ6RLi7izvAA==}
    cpu: [x64]
    os: [win32]

  '@opentui/core@0.1.50':
    resolution: {integrity: sha512-QhjwT2f8AIQj0gbL/WQ2M93sl2/qp9+Kqxyh4dOhp8z3qnTc5D7J105VrMyeWZW7/P27ubgbFAqqWXrZ4FsuLw==}
    peerDependencies:
      web-tree-sitter: 0.25.10

  '@opentui/react@0.1.50':
    resolution: {integrity: sha512-cKvkLAw2Gk16kHF6Ol6UtcgHAqx41mJtIhI8gH5nycF31A7ojI/a1umtU+Cy5UsFJsrgjkWOBLO1aHUsJQT7MA==}
    peerDependencies:
      react: '>=19.0.0'

  '@tokenizer/token@0.3.0':
    resolution: {integrity: sha512-OvjF+z51L3ov0OyAU0duzsYuvO01PH7x4t6DJx+guahgTnBHkhJdG7soQeTSFLWN3efnHyibZ4Z8l2EuWwJN3A==}

  '@types/bun@1.3.2':
    resolution: {integrity: sha512-t15P7k5UIgHKkxwnMNkJbWlh/617rkDGEdSsDbu+qNHTaz9SKf7aC8fiIlUdD5RPpH6GEkP0cK7WlvmrEBRtWg==}

  '@types/node-fetch@2.6.13':
    resolution: {integrity: sha512-QGpRVpzSaUs30JBSGPjOg4Uveu384erbHBoT1zeONvyCfwQxIkUshLAOqN/k9EjGviPRmWTTe6aH2qySWKTVSw==}

  '@types/node@16.9.1':
    resolution: {integrity: sha512-QpLcX9ZSsq3YYUUnD3nFDY8H7wctAhQj/TFKL8Ya8v5fMm3CFXxo8zStsLAl780ltoYoo1WvKUVGBQK+1ifr7g==}

  '@types/node@18.19.130':
    resolution: {integrity: sha512-GRaXQx6jGfL8sKfaIDD6OupbIHBr9jv7Jnaml9tB7l4v068PAOXqfcujMMo5PhbIs6ggR1XODELqahT2R8v0fg==}

  '@types/node@24.10.1':
    resolution: {integrity: sha512-GNWcUTRBgIRJD5zj+Tq0fKOJ5XZajIiBroOF0yvj2bSU1WvNdYS/dn9UxwsujGW4JX06dnHyjV2y9rRaybH0iQ==}

  '@types/react@19.2.7':
    resolution: {integrity: sha512-MWtvHrGZLFttgeEj28VXHxpmwYbor/ATPYbBfSFZEIRK0ecCFLl2Qo55z52Hss+UV9CRN7trSeq1zbgx7YDWWg==}

  '@webgpu/types@0.1.66':
    resolution: {integrity: sha512-YA2hLrwLpDsRueNDXIMqN9NTzD6bCDkuXbOSe0heS+f8YE8usA6Gbv1prj81pzVHrbaAma7zObnIC+I6/sXJgA==}

  abort-controller@3.0.0:
    resolution: {integrity: sha512-h8lQ8tacZYnR3vNQTgibj+tODHI5/+l06Au2Pcriv/Gmet0eaj4TwWH41sO9wnHDiQsEj19q0drzdWdeAHtweg==}
    engines: {node: '>=6.5'}

  agentkeepalive@4.6.0:
    resolution: {integrity: sha512-kja8j7PjmncONqaTsB8fQ+wE2mSU2DJ9D4XKoJ5PFWIdRMa6SLSN1ff4mOr4jCbfRSsxR4keIiySJU0N9T5hIQ==}
    engines: {node: '>= 8.0.0'}

  any-base@1.1.0:
    resolution: {integrity: sha512-uMgjozySS8adZZYePpaWs8cxB9/kdzmpX6SgJZ+wbz1K5eYk5QMYDVJaZKhxyIHUdnnJkfR7SVgStgH7LkGUyg==}

  asynckit@0.4.0:
    resolution: {integrity: sha512-Oei9OH4tRh0YqU3GxhX79dM/mwVgvbZJaSNaRk+bshkj0S5cfHcgYakreBjrHwatXKbz+IoIdYLxrKim2MjW0Q==}

  await-to-js@3.0.0:
    resolution: {integrity: sha512-zJAaP9zxTcvTHRlejau3ZOY4V7SRpiByf3/dxx2uyKxxor19tpmpV2QRsTKikckwhaPmr2dVpxxMr7jOCYVp5g==}
    engines: {node: '>=6.0.0'}

  base64-js@1.5.1:
    resolution: {integrity: sha512-AKpaYlHn8t4SVbOHCy+b5+KKgvR4vrsD8vbvrbiQJps7fKDTkjkDry6ji0rUJjC0kzbNePLwzxq8iypo41qeWA==}

  bmp-ts@1.0.9:
    resolution: {integrity: sha512-cTEHk2jLrPyi+12M3dhpEbnnPOsaZuq7C45ylbbQIiWgDFZq4UVYPEY5mlqjvsj/6gJv9qX5sa+ebDzLXT28Vw==}

  buffer@6.0.3:
    resolution: {integrity: sha512-FTiCpNxtwiZZHEZbcbTIcZjERVICn9yq/pDFkTl95/AxzD1naBctN7YO68riM/gLSDY7sdrMby8hofADYuuqOA==}

  bun-ffi-structs@0.1.2:
    resolution: {integrity: sha512-Lh1oQAYHDcnesJauieA4UNkWGXY9hYck7OA5IaRwE3Bp6K2F2pJSNYqq+hIy7P3uOvo3km3oxS8304g5gDMl/w==}
    peerDependencies:
      typescript: ^5

  bun-types@1.3.2:
    resolution: {integrity: sha512-i/Gln4tbzKNuxP70OWhJRZz1MRfvqExowP7U6JKoI8cntFrtxg7RJK3jvz7wQW54UuvNC8tbKHHri5fy74FVqg==}
    peerDependencies:
      '@types/react': ^19

  bun-webgpu-darwin-arm64@0.1.4:
    resolution: {integrity: sha512-eDgLN9teKTfmvrCqgwwmWNsNszxYs7IZdCqk0S1DCarvMhr4wcajoSBlA/nQA0/owwLduPTS8xxCnQp4/N/gDg==}
    cpu: [arm64]
    os: [darwin]

  bun-webgpu-darwin-x64@0.1.4:
    resolution: {integrity: sha512-X+PjwJUWenUmdQBP8EtdItMyieQ6Nlpn+BH518oaouDiSnWj5+b0Y7DNDZJq7Ezom4EaxmqL/uGYZK3aCQ7CXg==}
    cpu: [x64]
    os: [darwin]

  bun-webgpu-linux-x64@0.1.4:
    resolution: {integrity: sha512-zMLs2YIGB+/jxrYFXaFhVKX/GBt05UTF45lc9srcHc9JXGjEj+12CIo1CHLTAWatXMTqt0Jsu6ukWEoWVT/ayA==}
    cpu: [x64]
    os: [linux]

  bun-webgpu-win32-x64@0.1.4:
    resolution: {integrity: sha512-Z5yAK28xrcm8Wb5k7TZ8FJKpOI/r+aVCRdlHYAqI2SDJFN3nD4mJs900X6kNVmG/xFzb5yOuKVYWGg+6ZXWbyA==}
    cpu: [x64]
    os: [win32]

  bun-webgpu@0.1.4:
    resolution: {integrity: sha512-Kw+HoXl1PMWJTh9wvh63SSRofTA8vYBFCw0XEP1V1fFdQEDhI8Sgf73sdndE/oDpN/7CMx0Yv/q8FCvO39ROMQ==}

  call-bind-apply-helpers@1.0.2:
    resolution: {integrity: sha512-Sp1ablJ0ivDkSzjcaJdxEunN5/XvksFJ2sMBFfq6x0ryhQV/2b/KwFe21cMpmHtPOSij8K99/wSfoEuTObmuMQ==}
    engines: {node: '>= 0.4'}

  combined-stream@1.0.8:
    resolution: {integrity: sha512-FQN4MRfuJeHf7cBbBMJFXhKSDq+2kAArBlmRBvcvFE5BB1HZKXtSFASDhdlz9zOYwxh8lDdnvmMOe/+5cdoEdg==}
    engines: {node: '>= 0.8'}

  csstype@3.2.3:
    resolution: {integrity: sha512-z1HGKcYy2xA8AGQfwrn0PAy+PB7X/GSj3UVJW9qKyn43xWa+gl5nXmU4qqLMRzWVLFC8KusUX8T/0kCiOYpAIQ==}

  delayed-stream@1.0.0:
    resolution: {integrity: sha512-ZySD7Nf91aLB0RxL4KGrKHBXl7Eds1DAmEdcoVawXnLD7SDhpNgtuII2aAkg7a7QS41jxPSZ17p4VdGnMHk3MQ==}
    engines: {node: '>=0.4.0'}

  dunder-proto@1.0.1:
    resolution: {integrity: sha512-KIN/nDJBQRcXw0MLVhZE9iQHmG68qAVIBg9CqmUYjmQIhgij9U5MFvrqkUL5FbtyyzZuOeOt0zdeRe4UY7ct+A==}
    engines: {node: '>= 0.4'}

  es-define-property@1.0.1:
    resolution: {integrity: sha512-e3nRfgfUZ4rNGL232gUgX06QNyyez04KdjFrF+LTRoOXmrOgFKDg4BCdsjW8EnT69eqdYGmRpJwiPVYNrCaW3g==}
    engines: {node: '>= 0.4'}

  es-errors@1.3.0:
    resolution: {integrity: sha512-Zf5H2Kxt2xjTvbJvP2ZWLEICxA6j+hAmMzIlypy4xcBg1vKVnx89Wy0GbS+kf5cwCVFFzdCFh2XSCFNULS6csw==}
    engines: {node: '>= 0.4'}

  es-object-atoms@1.1.1:
    resolution: {integrity: sha512-FGgH2h8zKNim9ljj7dankFPcICIK9Cp5bm+c2gQSYePhpaG5+esrLODihIorn+Pe6FGJzWhXQotPv73jTaldXA==}
    engines: {node: '>= 0.4'}

  es-set-tostringtag@2.1.0:
    resolution: {integrity: sha512-j6vWzfrGVfyXxge+O0x5sh6cvxAog0a/4Rdd2K36zCMV5eJ+/+tOAngRO8cODMNWbVRdVlmGZQL2YS3yR8bIUA==}
    engines: {node: '>= 0.4'}

  event-target-shim@5.0.1:
    resolution: {integrity: sha512-i/2XbnSz/uxRCU6+NdVJgKWDTM427+MqYbkQzD321DuCQJUqOuJKIA0IM2+W2xtYHdKOmZ4dR6fExsd4SXL+WQ==}
    engines: {node: '>=6'}

  events@3.3.0:
    resolution: {integrity: sha512-mQw+2fkQbALzQ7V0MY0IqdnXNOeTtP4r0lN9z7AAawCXgqea7bDii20AYrIBrFd/Hx0M2Ocz6S111CaFkUcb0Q==}
    engines: {node: '>=0.8.x'}

  exif-parser@0.1.12:
    resolution: {integrity: sha512-c2bQfLNbMzLPmzQuOr8fy0csy84WmwnER81W88DzTp9CYNPJ6yzOj2EZAh9pywYpqHnshVLHQJ8WzldAyfY+Iw==}

  file-type@16.5.4:
    resolution: {integrity: sha512-/yFHK0aGjFEgDJjEKP0pWCplsPFPhwyfwevf/pVxiN0tmE4L9LmwWxWukdJSHdoCli4VgQLehjJtwQBnqmsKcw==}
    engines: {node: '>=10'}

  form-data-encoder@1.7.2:
    resolution: {integrity: sha512-qfqtYan3rxrnCk1VYaA4H+Ms9xdpPqvLZa6xmMgFvhO32x7/3J/ExcTd6qpxM0vH2GdMI+poehyBZvqfMTto8A==}

  form-data@4.0.5:
    resolution: {integrity: sha512-8RipRLol37bNs2bhoV67fiTEvdTrbMUYcFTiy3+wuuOnUog2QBHCZWXDRijWQfAkhBj2Uf5UnVaiWwA5vdd82w==}
    engines: {node: '>= 6'}

  formdata-node@4.4.1:
    resolution: {integrity: sha512-0iirZp3uVDjVGt9p49aTaqjk84TrglENEDuqfdlZQ1roC9CWlPk6Avf8EEnZNcAqPonwkG35x4n3ww/1THYAeQ==}
    engines: {node: '>= 12.20'}

  function-bind@1.1.2:
    resolution: {integrity: sha512-7XHNxH7qX9xG5mIwxkhumTox/MIRNcOgDrxWsMt2pAr23WHp6MrRlN7FBSFpCpr+oVO0F744iUgR82nJMfG2SA==}

  get-intrinsic@1.3.0:
    resolution: {integrity: sha512-9fSjSaos/fRIVIp+xSJlE6lfwhES7LNtKaCBIamHsjr2na1BiABJPo0mOjjz8GJDURarmCPGqaiVg5mfjb98CQ==}
    engines: {node: '>= 0.4'}

  get-proto@1.0.1:
    resolution: {integrity: sha512-sTSfBjoXBp89JvIKIefqw7U2CCebsc74kiY6awiGogKtoSGbgjYE/G/+l9sF3MWFPNc9IcoOC4ODfKHfxFmp0g==}
    engines: {node: '>= 0.4'}

  gifwrap@0.10.1:
    resolution: {integrity: sha512-2760b1vpJHNmLzZ/ubTtNnEx5WApN/PYWJvXvgS+tL1egTTthayFYIQQNi136FLEDcN/IyEY2EcGpIITD6eYUw==}

  glob@13.0.0:
    resolution: {integrity: sha512-tvZgpqk6fz4BaNZ66ZsRaZnbHvP/jG3uKJvAZOwEVUL4RTA5nJeeLYfyN9/VA8NX/V3IBG+hkeuGpKjvELkVhA==}
    engines: {node: 20 || >=22}

  gopd@1.2.0:
    resolution: {integrity: sha512-ZUKRh6/kUFoAiTAtTYPZJ3hw9wNxx+BIBOijnlG9PnrJsCcSjs1wyyD6vJpaYtgnzDrKYRSqf3OO6Rfa93xsRg==}
    engines: {node: '>= 0.4'}

  has-symbols@1.1.0:
    resolution: {integrity: sha512-1cDNdwJ2Jaohmb3sg4OmKaMBwuC48sYni5HUw2DvsC8LjGTLK9h+eb1X6RyuOHe4hT0ULCW68iomhjUoKUqlPQ==}
    engines: {node: '>= 0.4'}

  has-tostringtag@1.0.2:
    resolution: {integrity: sha512-NqADB8VjPFLM2V0VvHUewwwsw0ZWBaIdgo+ieHtK3hasLz4qeCRjYcqfB6AQrBggRKppKF8L52/VqdVsO47Dlw==}
    engines: {node: '>= 0.4'}

  hasown@2.0.2:
    resolution: {integrity: sha512-0hJU9SCPvmMzIBdZFqNPXWa6dqh7WdH0cII9y+CyS8rG3nL48Bclra9HmKhVVUHyPWNH5Y7xDwAB7bfgSjkUMQ==}
    engines: {node: '>= 0.4'}

  humanize-ms@1.2.1:
    resolution: {integrity: sha512-Fl70vYtsAFb/C06PTS9dZBo7ihau+Tu/DNCk/OyHhea07S+aeMWpFFkUaXRa8fI+ScZbEI8dfSxwY7gxZ9SAVQ==}

  ieee754@1.2.1:
    resolution: {integrity: sha512-dcyqhDvX1C46lXZcVqCpK+FtMRQVdIMN6/Df5js2zouUsqG7I6sFxitIC+7KYK29KdXOLHdu9zL4sFnoVQnqaA==}

  image-q@4.0.0:
    resolution: {integrity: sha512-PfJGVgIfKQJuq3s0tTDOKtztksibuUEbJQIYT3by6wctQo+Rdlh7ef4evJ5NCdxY4CfMbvFkocEwbl4BF8RlJw==}

  jimp@1.6.0:
    resolution: {integrity: sha512-YcwCHw1kiqEeI5xRpDlPPBGL2EOpBKLwO4yIBJcXWHPj5PnA5urGq0jbyhM5KoNpypQ6VboSoxc9D8HyfvngSg==}
    engines: {node: '>=18'}

  jose@4.15.9:
    resolution: {integrity: sha512-1vUQX+IdDMVPj4k8kOxgUqlcK518yluMuGZwqlr44FS1ppZB/5GWh4rZG89erpOBOJjU/OBsnCVFfapsRz6nEA==}

  jpeg-js@0.4.4:
    resolution: {integrity: sha512-WZzeDOEtTOBK4Mdsar0IqEU5sMr3vSV2RqkAIzUEV2BHnUfKGyswWFPFwK5EeDo93K3FohSHbLAjj0s1Wzd+dg==}

  lru-cache@11.2.2:
    resolution: {integrity: sha512-F9ODfyqML2coTIsQpSkRHnLSZMtkU8Q+mSfcaIyKwy58u+8k5nvAYeiNhsyMARvzNcXJ9QfWVrcPsC9e9rAxtg==}
    engines: {node: 20 || >=22}

  math-intrinsics@1.1.0:
    resolution: {integrity: sha512-/IXtbwEk5HTPyEwyKX6hGkYXxM9nbj64B+ilVJnC/R6B0pH5G4V3b0pVbL7DBj4tkhBAppbQUlf6F6Xl9LHu1g==}
    engines: {node: '>= 0.4'}

  mime-db@1.52.0:
    resolution: {integrity: sha512-sPU4uV7dYlvtWJxwwxHD0PuihVNiE7TyAbQ5SWxDCB9mUYvOgroQOwYQQOKPJ8CIbE+1ETVlOoK1UC2nU3gYvg==}
    engines: {node: '>= 0.6'}

  mime-types@2.1.35:
    resolution: {integrity: sha512-ZDY+bPm5zTTF+YpCrAU9nK0UgICYPT0QtT1NZWFv4s++TNkcgVaT0g6+4R2uI4MjQjzysHB1zxuWL50hzaeXiw==}
    engines: {node: '>= 0.6'}

  mime@3.0.0:
    resolution: {integrity: sha512-jSCU7/VB1loIWBZe14aEYHU/+1UMEHoaO7qxCOVJOw9GgH72VAWppxNcjU+x9a2k3GSIBXNKxXQFqRvvZ7vr3A==}
    engines: {node: '>=10.0.0'}
    hasBin: true

  minimatch@10.1.1:
    resolution: {integrity: sha512-enIvLvRAFZYXJzkCYG5RKmPfrFArdLv+R+lbQ53BmIMLIry74bjKzX6iHAm8WYamJkhSSEabrWN5D97XnKObjQ==}
    engines: {node: 20 || >=22}

  minipass@7.1.2:
    resolution: {integrity: sha512-qOOzS1cBTWYF4BH8fVePDBOO9iptMnGUEZwNc/cMWnTV2nVLZ7VoNWEPHkYczZA0pdoA7dl6e7FL659nX9S2aw==}
    engines: {node: '>=16 || 14 >=14.17'}

  ms@2.1.3:
    resolution: {integrity: sha512-6FlzubTLZG3J2a/NVCAleEhjzq5oxgHyaCU9yYXvcLsvoVaHJq/s5xXI6/XXP6tz7R9xAOtHnSO/tXtF3WRTlA==}

  node-domexception@1.0.0:
    resolution: {integrity: sha512-/jKZoMpw0F8GRwl4/eLROPA3cfcXtLApP0QzLmUT/HuPCZWyB7IY9ZrMeKw2O/nFIqPQB3PVM9aYm0F312AXDQ==}
    engines: {node: '>=10.5.0'}
    deprecated: Use your platform's native DOMException instead

  node-fetch@2.7.0:
    resolution: {integrity: sha512-c4FRfUm/dbcWZ7U+1Wq0AwCyFL+3nt2bEw05wfxSz+DWpWsitgmSgYmy2dQdWyKC1694ELPqMs/YzUSNozLt8A==}
    engines: {node: 4.x || >=6.0.0}
    peerDependencies:
      encoding: ^0.1.0
    peerDependenciesMeta:
      encoding:
        optional: true

  omggif@1.0.10:
    resolution: {integrity: sha512-LMJTtvgc/nugXj0Vcrrs68Mn2D1r0zf630VNtqtpI1FEO7e+O9FP4gqs9AcnBaSEeoHIPm28u6qgPR0oyEpGSw==}

  pako@1.0.11:
    resolution: {integrity: sha512-4hLB8Py4zZce5s4yd9XzopqwVv/yGNhV1Bl8NTmCq1763HeK2+EwVTv+leGeL13Dnh2wfbqowVPXCIO0z4taYw==}

  parse-bmfont-ascii@1.0.6:
    resolution: {integrity: sha512-U4RrVsUFCleIOBsIGYOMKjn9PavsGOXxbvYGtMOEfnId0SVNsgehXh1DxUdVPLoxd5mvcEtvmKs2Mmf0Mpa1ZA==}

  parse-bmfont-binary@1.0.6:
    resolution: {integrity: sha512-GxmsRea0wdGdYthjuUeWTMWPqm2+FAd4GI8vCvhgJsFnoGhTrLhXDDupwTo7rXVAgaLIGoVHDZS9p/5XbSqeWA==}

  parse-bmfont-xml@1.1.6:
    resolution: {integrity: sha512-0cEliVMZEhrFDwMh4SxIyVJpqYoOWDJ9P895tFuS+XuNzI5UBmBk5U5O4KuJdTnZpSBI4LFA2+ZiJaiwfSwlMA==}

  path-scurry@2.0.1:
    resolution: {integrity: sha512-oWyT4gICAu+kaA7QWk/jvCHWarMKNs6pXOGWKDTr7cw4IGcUbW+PeTfbaQiLGheFRpjo6O9J0PmyMfQPjH71oA==}
    engines: {node: 20 || >=22}

  peek-readable@4.1.0:
    resolution: {integrity: sha512-ZI3LnwUv5nOGbQzD9c2iDG6toheuXSZP5esSHBjopsXH4dg19soufvpUGA3uohi5anFtGb2lhAVdHzH6R/Evvg==}
    engines: {node: '>=8'}

  pixelmatch@5.3.0:
    resolution: {integrity: sha512-o8mkY4E/+LNUf6LzX96ht6k6CEDi65k9G2rjMtBe9Oo+VPKSvl+0GKHuH/AlG+GA5LPG/i5hrekkxUc3s2HU+Q==}
    hasBin: true

  planck@1.4.2:
    resolution: {integrity: sha512-mNbhnV3g8X2rwGxzcesjmN8BDA6qfXgQxXVMkWau9MCRlQY0RLNEkyHlVp6yFy/X6qrzAXyNONCnZ1cGDLrNew==}
    engines: {node: '>=14.0'}
    peerDependencies:
      stage-js: ^1.0.0-alpha.12

  pngjs@6.0.0:
    resolution: {integrity: sha512-TRzzuFRRmEoSW/p1KVAmiOgPco2Irlah+bGFCeNfJXxxYGwSw7YwAOAcd7X28K/m5bjBWKsC29KyoMfHbypayg==}
    engines: {node: '>=12.13.0'}

  pngjs@7.0.0:
    resolution: {integrity: sha512-LKWqWJRhstyYo9pGvgor/ivk2w94eSjE3RGVuzLGlr3NmD8bf7RcYGze1mNdEHRP6TRP6rMuDHk5t44hnTRyow==}
    engines: {node: '>=14.19.0'}

  process@0.11.10:
    resolution: {integrity: sha512-cdGef/drWFoydD1JsMzuFf8100nZl+GT+yacc2bEced5f9Rjk4z+WtFUTBu9PhOi9j/jfmBPu0mMEY4wIdAF8A==}
    engines: {node: '>= 0.6.0'}

  react-reconciler@0.32.0:
    resolution: {integrity: sha512-2NPMOzgTlG0ZWdIf3qG+dcbLSoAc/uLfOwckc3ofy5sSK0pLJqnQLpUFxvGcN2rlXSjnVtGeeFLNimCQEj5gOQ==}
    engines: {node: '>=0.10.0'}
    peerDependencies:
      react: ^19.1.0

  react@19.2.0:
    resolution: {integrity: sha512-tmbWg6W31tQLeB5cdIBOicJDJRR2KzXsV7uSK9iNfLWQ5bIZfxuPEHp7M8wiHyHnn0DD1i7w3Zmin0FtkrwoCQ==}
    engines: {node: '>=0.10.0'}

  readable-stream@4.7.0:
    resolution: {integrity: sha512-oIGGmcpTLwPga8Bn6/Z75SVaH1z5dUut2ibSyAMVhmUggWpmDn2dapB0n7f8nwaSiRtepAsfJyfXIO5DCVAODg==}
    engines: {node: ^12.22.0 || ^14.17.0 || >=16.0.0}

  readable-web-to-node-stream@3.0.4:
    resolution: {integrity: sha512-9nX56alTf5bwXQ3ZDipHJhusu9NTQJ/CVPtb/XHAJCXihZeitfJvIRS4GqQ/mfIoOE3IelHMrpayVrosdHBuLw==}
    engines: {node: '>=8'}

  safe-buffer@5.2.1:
    resolution: {integrity: sha512-rp3So07KcdmmKbGvgaNxQSJr7bGVSVk5S9Eq1F+ppbRo70+YeaDxkw5Dd8NPN+GD6bjnYm2VuPuCXmpuYvmCXQ==}

  sax@1.4.3:
    resolution: {integrity: sha512-yqYn1JhPczigF94DMS+shiDMjDowYO6y9+wB/4WgO0Y19jWYk0lQ4tuG5KI7kj4FTp1wxPj5IFfcrz/s1c3jjQ==}

  scheduler@0.26.0:
    resolution: {integrity: sha512-NlHwttCI/l5gCPR3D1nNXtWABUmBwvZpEQiD4IXSbIDq8BzLIK/7Ir5gTFSGZDUu37K5cMNp0hFtzO38sC7gWA==}

  simple-xml-to-json@1.2.3:
    resolution: {integrity: sha512-kWJDCr9EWtZ+/EYYM5MareWj2cRnZGF93YDNpH4jQiHB+hBIZnfPFSQiVMzZOdk+zXWqTZ/9fTeQNu2DqeiudA==}
    engines: {node: '>=20.12.2'}

  stage-js@1.0.0-alpha.17:
    resolution: {integrity: sha512-AzlMO+t51v6cFvKZ+Oe9DJnL1OXEH5s9bEy6di5aOrUpcP7PCzI/wIeXF0u3zg0L89gwnceoKxrLId0ZpYnNXw==}
    engines: {node: '>=18.0'}

  string_decoder@1.3.0:
    resolution: {integrity: sha512-hkRX8U1WjJFd8LsDJ2yQ/wWWxaopEsABU1XfkM8A+j0+85JAGppt16cr1Whg6KIbb4okU6Mql6BOj+uup/wKeA==}

  strtok3@6.3.0:
    resolution: {integrity: sha512-fZtbhtvI9I48xDSywd/somNqgUHl2L2cstmXCCif0itOf96jeW18MBSyrLuNicYQVkvpOxkZtkzujiTJ9LW5Jw==}
    engines: {node: '>=10'}

  three@0.177.0:
    resolution: {integrity: sha512-EiXv5/qWAaGI+Vz2A+JfavwYCMdGjxVsrn3oBwllUoqYeaBO75J63ZfyaQKoiLrqNHoTlUc6PFgMXnS0kI45zg==}

  tinycolor2@1.6.0:
    resolution: {integrity: sha512-XPaBkWQJdsf3pLKJV9p4qN/S+fm2Oj8AIPo1BTUhg5oxkvm9+SVEGFdhyOz7tTdUTfvxMiAs4sp6/eZO2Ew+pw==}

  token-types@4.2.1:
    resolution: {integrity: sha512-6udB24Q737UD/SDsKAHI9FCRP7Bqc9D/MQUV02ORQg5iskjtLJlZJNdN4kKtcdtwCeWIwIHDGaUsTsCCAa8sFQ==}
    engines: {node: '>=10'}

  tr46@0.0.3:
    resolution: {integrity: sha512-N3WMsuqV66lT30CrXNbEjx4GEwlow3v6rr4mCcv6prnfwhS01rkgyFdjPNBYd9br7LpXV1+Emh01fHnq2Gdgrw==}

  typescript@5.9.3:
    resolution: {integrity: sha512-jl1vZzPDinLr9eUt3J/t7V6FgNEw9QjvBPdysz9KfQDD41fQrC2Y4vKQdiaUpFT4bXlb1RHhLpp8wtm6M5TgSw==}
    engines: {node: '>=14.17'}
    hasBin: true

  undici-types@5.26.5:
    resolution: {integrity: sha512-JlCMO+ehdEIKqlFxk6IfVoAUVmgz7cU7zD/h9XZ0qzeosSHmUJVOzSQvvYSYWXkFXC+IfLKSIffhv0sVZup6pA==}

  undici-types@7.16.0:
    resolution: {integrity: sha512-Zz+aZWSj8LE6zoxD+xrjh4VfkIG8Ya6LvYkZqtUQGJPZjYl53ypCaUwWqo7eI0x66KBGeRo+mlBEkMSeSZ38Nw==}

  utif2@4.1.0:
    resolution: {integrity: sha512-+oknB9FHrJ7oW7A2WZYajOcv4FcDR4CfoGB0dPNfxbi4GO05RRnFmt5oa23+9w32EanrYcSJWspUiJkLMs+37w==}

  web-streams-polyfill@4.0.0-beta.3:
    resolution: {integrity: sha512-QW95TCTaHmsYfHDybGMwO5IJIM93I/6vTRk+daHTWFPhwh+C8Cg7j7XyKrwrj8Ib6vYXe0ocYNrmzY4xAAN6ug==}
    engines: {node: '>= 14'}

  web-tree-sitter@0.25.10:
    resolution: {integrity: sha512-Y09sF44/13XvgVKgO2cNDw5rGk6s26MgoZPXLESvMXeefBf7i6/73eFurre0IsTW6E14Y0ArIzhUMmjoc7xyzA==}
    peerDependencies:
      '@types/emscripten': ^1.40.0
    peerDependenciesMeta:
      '@types/emscripten':
        optional: true

  webidl-conversions@3.0.1:
    resolution: {integrity: sha512-2JAn3z8AR6rjK8Sm8orRC0h/bcl/DqL7tRPdGZ4I1CjdF+EaMLmYxBHyXuKL849eucPFhvBoxMsflfOb8kxaeQ==}

  whatwg-url@5.0.0:
    resolution: {integrity: sha512-saE57nupxk6v3HY35+jzBwYa0rKSy0XR8JSxZPwgLr7ys0IBzhGviA1/TUGJLmSVqs8pb9AnvICXEuOHLprYTw==}

  xml-parse-from-string@1.0.1:
    resolution: {integrity: sha512-ErcKwJTF54uRzzNMXq2X5sMIy88zJvfN2DmdoQvy7PAFJ+tPRU6ydWuOKNMyfmOjdyBQTFREi60s0Y0SyI0G0g==}

  xml2js@0.5.0:
    resolution: {integrity: sha512-drPFnkQJik/O+uPKpqSgr22mpuFHqKdbS835iAQrUC73L2F5WkboIRd63ai/2Yg6I1jzifPFKH2NTK+cfglkIA==}
    engines: {node: '>=4.0.0'}

  xmlbuilder@11.0.1:
    resolution: {integrity: sha512-fDlsI/kFEx7gLvbecc0/ohLG50fugQp8ryHzMTuW9vSa1GJ0XYWKnhsUx7oie3G98+r56aTQIUB4kht42R3JvA==}
    engines: {node: '>=4.0'}

  yoga-layout@3.2.1:
    resolution: {integrity: sha512-0LPOt3AxKqMdFBZA3HBAt/t/8vIKq7VaQYbuA8WxCgung+p9TVyKRYdpvCb80HcdTN2NkbIKbhNwKUfm3tQywQ==}

  zod@3.25.76:
    resolution: {integrity: sha512-gzUt/qt81nXsFGKIFcC3YnfEAx5NkunCfnDlvuBSSFS02bcXu4Lmea0AFIUwbLWxWPx3d9p8S5QoaujKcNQxcQ==}

snapshots:

  '@biomejs/biome@2.3.7':
    optionalDependencies:
      '@biomejs/cli-darwin-arm64': 2.3.7
      '@biomejs/cli-darwin-x64': 2.3.7
      '@biomejs/cli-linux-arm64': 2.3.7
      '@biomejs/cli-linux-arm64-musl': 2.3.7
      '@biomejs/cli-linux-x64': 2.3.7
      '@biomejs/cli-linux-x64-musl': 2.3.7
      '@biomejs/cli-win32-arm64': 2.3.7
      '@biomejs/cli-win32-x64': 2.3.7

  '@biomejs/cli-darwin-arm64@2.3.7':
    optional: true

  '@biomejs/cli-darwin-x64@2.3.7':
    optional: true

  '@biomejs/cli-linux-arm64-musl@2.3.7':
    optional: true

  '@biomejs/cli-linux-arm64@2.3.7':
    optional: true

  '@biomejs/cli-linux-x64-musl@2.3.7':
    optional: true

  '@biomejs/cli-linux-x64@2.3.7':
    optional: true

  '@biomejs/cli-win32-arm64@2.3.7':
    optional: true

  '@biomejs/cli-win32-x64@2.3.7':
    optional: true

  '@dimforge/rapier2d-simd-compat@0.17.3':
    optional: true

  '@isaacs/balanced-match@4.0.1': {}

  '@isaacs/brace-expansion@5.0.0':
    dependencies:
      '@isaacs/balanced-match': 4.0.1

  '@jimp/core@1.6.0':
    dependencies:
      '@jimp/file-ops': 1.6.0
      '@jimp/types': 1.6.0
      '@jimp/utils': 1.6.0
      await-to-js: 3.0.0
      exif-parser: 0.1.12
      file-type: 16.5.4
      mime: 3.0.0

  '@jimp/diff@1.6.0':
    dependencies:
      '@jimp/plugin-resize': 1.6.0
      '@jimp/types': 1.6.0
      '@jimp/utils': 1.6.0
      pixelmatch: 5.3.0

  '@jimp/file-ops@1.6.0': {}

  '@jimp/js-bmp@1.6.0':
    dependencies:
      '@jimp/core': 1.6.0
      '@jimp/types': 1.6.0
      '@jimp/utils': 1.6.0
      bmp-ts: 1.0.9

  '@jimp/js-gif@1.6.0':
    dependencies:
      '@jimp/core': 1.6.0
      '@jimp/types': 1.6.0
      gifwrap: 0.10.1
      omggif: 1.0.10

  '@jimp/js-jpeg@1.6.0':
    dependencies:
      '@jimp/core': 1.6.0
      '@jimp/types': 1.6.0
      jpeg-js: 0.4.4

  '@jimp/js-png@1.6.0':
    dependencies:
      '@jimp/core': 1.6.0
      '@jimp/types': 1.6.0
      pngjs: 7.0.0

  '@jimp/js-tiff@1.6.0':
    dependencies:
      '@jimp/core': 1.6.0
      '@jimp/types': 1.6.0
      utif2: 4.1.0

  '@jimp/plugin-blit@1.6.0':
    dependencies:
      '@jimp/types': 1.6.0
      '@jimp/utils': 1.6.0
      zod: 3.25.76

  '@jimp/plugin-blur@1.6.0':
    dependencies:
      '@jimp/core': 1.6.0
      '@jimp/utils': 1.6.0

  '@jimp/plugin-circle@1.6.0':
    dependencies:
      '@jimp/types': 1.6.0
      zod: 3.25.76

  '@jimp/plugin-color@1.6.0':
    dependencies:
      '@jimp/core': 1.6.0
      '@jimp/types': 1.6.0
      '@jimp/utils': 1.6.0
      tinycolor2: 1.6.0
      zod: 3.25.76

  '@jimp/plugin-contain@1.6.0':
    dependencies:
      '@jimp/core': 1.6.0
      '@jimp/plugin-blit': 1.6.0
      '@jimp/plugin-resize': 1.6.0
      '@jimp/types': 1.6.0
      '@jimp/utils': 1.6.0
      zod: 3.25.76

  '@jimp/plugin-cover@1.6.0':
    dependencies:
      '@jimp/core': 1.6.0
      '@jimp/plugin-crop': 1.6.0
      '@jimp/plugin-resize': 1.6.0
      '@jimp/types': 1.6.0
      zod: 3.25.76

  '@jimp/plugin-crop@1.6.0':
    dependencies:
      '@jimp/core': 1.6.0
      '@jimp/types': 1.6.0
      '@jimp/utils': 1.6.0
      zod: 3.25.76

  '@jimp/plugin-displace@1.6.0':
    dependencies:
      '@jimp/types': 1.6.0
      '@jimp/utils': 1.6.0
      zod: 3.25.76

  '@jimp/plugin-dither@1.6.0':
    dependencies:
      '@jimp/types': 1.6.0

  '@jimp/plugin-fisheye@1.6.0':
    dependencies:
      '@jimp/types': 1.6.0
      '@jimp/utils': 1.6.0
      zod: 3.25.76

  '@jimp/plugin-flip@1.6.0':
    dependencies:
      '@jimp/types': 1.6.0
      zod: 3.25.76

  '@jimp/plugin-hash@1.6.0':
    dependencies:
      '@jimp/core': 1.6.0
      '@jimp/js-bmp': 1.6.0
      '@jimp/js-jpeg': 1.6.0
      '@jimp/js-png': 1.6.0
      '@jimp/js-tiff': 1.6.0
      '@jimp/plugin-color': 1.6.0
      '@jimp/plugin-resize': 1.6.0
      '@jimp/types': 1.6.0
      '@jimp/utils': 1.6.0
      any-base: 1.1.0

  '@jimp/plugin-mask@1.6.0':
    dependencies:
      '@jimp/types': 1.6.0
      zod: 3.25.76

  '@jimp/plugin-print@1.6.0':
    dependencies:
      '@jimp/core': 1.6.0
      '@jimp/js-jpeg': 1.6.0
      '@jimp/js-png': 1.6.0
      '@jimp/plugin-blit': 1.6.0
      '@jimp/types': 1.6.0
      parse-bmfont-ascii: 1.0.6
      parse-bmfont-binary: 1.0.6
      parse-bmfont-xml: 1.1.6
      simple-xml-to-json: 1.2.3
      zod: 3.25.76

  '@jimp/plugin-quantize@1.6.0':
    dependencies:
      image-q: 4.0.0
      zod: 3.25.76

  '@jimp/plugin-resize@1.6.0':
    dependencies:
      '@jimp/core': 1.6.0
      '@jimp/types': 1.6.0
      zod: 3.25.76

  '@jimp/plugin-rotate@1.6.0':
    dependencies:
      '@jimp/core': 1.6.0
      '@jimp/plugin-crop': 1.6.0
      '@jimp/plugin-resize': 1.6.0
      '@jimp/types': 1.6.0
      '@jimp/utils': 1.6.0
      zod: 3.25.76

  '@jimp/plugin-threshold@1.6.0':
    dependencies:
      '@jimp/core': 1.6.0
      '@jimp/plugin-color': 1.6.0
      '@jimp/plugin-hash': 1.6.0
      '@jimp/types': 1.6.0
      '@jimp/utils': 1.6.0
      zod: 3.25.76

  '@jimp/types@1.6.0':
    dependencies:
      zod: 3.25.76

  '@jimp/utils@1.6.0':
    dependencies:
      '@jimp/types': 1.6.0
      tinycolor2: 1.6.0

  '@jsr/cliffy__ansi@1.0.0-rc.8':
    dependencies:
      '@jsr/cliffy__internal': 1.0.0-rc.8
      '@jsr/std__encoding': 1.0.10
      '@jsr/std__fmt': 1.0.8
      '@jsr/std__io': 0.224.9

  '@jsr/cliffy__command@1.0.0-rc.8':
    dependencies:
      '@jsr/cliffy__flags': 1.0.0-rc.8
      '@jsr/cliffy__internal': 1.0.0-rc.8
      '@jsr/cliffy__table': 1.0.0-rc.8
      '@jsr/std__fmt': 1.0.8
      '@jsr/std__text': 1.0.16

  '@jsr/cliffy__flags@1.0.0-rc.8':
    dependencies:
      '@jsr/std__text': 1.0.16

  '@jsr/cliffy__internal@1.0.0-rc.8':
    dependencies:
      '@jsr/std__fmt': 1.0.8

  '@jsr/cliffy__keycode@1.0.0-rc.8': {}

  '@jsr/cliffy__prompt@1.0.0-rc.8':
    dependencies:
      '@jsr/cliffy__ansi': 1.0.0-rc.8
      '@jsr/cliffy__internal': 1.0.0-rc.8
      '@jsr/cliffy__keycode': 1.0.0-rc.8
      '@jsr/std__assert': 1.0.16
      '@jsr/std__fmt': 1.0.8
      '@jsr/std__io': 0.224.9
      '@jsr/std__path': 1.0.9
      '@jsr/std__text': 1.0.16

  '@jsr/cliffy__table@1.0.0-rc.8':
    dependencies:
      '@jsr/std__fmt': 1.0.8

  '@jsr/std__assert@1.0.16':
    dependencies:
      '@jsr/std__internal': 1.0.12

  '@jsr/std__bytes@1.0.6': {}

  '@jsr/std__encoding@1.0.10': {}

  '@jsr/std__fmt@1.0.8': {}

  '@jsr/std__internal@1.0.12': {}

  '@jsr/std__io@0.224.9':
    dependencies:
      '@jsr/std__bytes': 1.0.6

  '@jsr/std__path@1.0.9': {}

  '@jsr/std__path@1.1.3':
    dependencies:
      '@jsr/std__internal': 1.0.12

  '@jsr/std__regexp@1.0.1': {}

  '@jsr/std__text@1.0.16':
    dependencies:
      '@jsr/std__regexp': 1.0.1

  '@mux/mux-node@file:../mux-node-sdk/dist':
    dependencies:
      '@types/node': 18.19.130
      '@types/node-fetch': 2.6.13
      abort-controller: 3.0.0
      agentkeepalive: 4.6.0
      form-data-encoder: 1.7.2
      formdata-node: 4.4.1
      jose: 4.15.9
      node-fetch: 2.7.0
    transitivePeerDependencies:
      - encoding

  '@opentui/core-darwin-arm64@0.1.50':
    optional: true

  '@opentui/core-darwin-x64@0.1.50':
    optional: true

  '@opentui/core-linux-arm64@0.1.50':
    optional: true

  '@opentui/core-linux-x64@0.1.50':
    optional: true

  '@opentui/core-win32-arm64@0.1.50':
    optional: true

  '@opentui/core-win32-x64@0.1.50':
    optional: true

  '@opentui/core@0.1.50(stage-js@1.0.0-alpha.17)(typescript@5.9.3)(web-tree-sitter@0.25.10)':
    dependencies:
      bun-ffi-structs: 0.1.2(typescript@5.9.3)
      jimp: 1.6.0
      web-tree-sitter: 0.25.10
      yoga-layout: 3.2.1
    optionalDependencies:
      '@dimforge/rapier2d-simd-compat': 0.17.3
      '@opentui/core-darwin-arm64': 0.1.50
      '@opentui/core-darwin-x64': 0.1.50
      '@opentui/core-linux-arm64': 0.1.50
      '@opentui/core-linux-x64': 0.1.50
      '@opentui/core-win32-arm64': 0.1.50
      '@opentui/core-win32-x64': 0.1.50
      bun-webgpu: 0.1.4
      planck: 1.4.2(stage-js@1.0.0-alpha.17)
      three: 0.177.0
    transitivePeerDependencies:
      - stage-js
      - typescript

  '@opentui/react@0.1.50(react@19.2.0)(stage-js@1.0.0-alpha.17)(typescript@5.9.3)(web-tree-sitter@0.25.10)':
    dependencies:
      '@opentui/core': 0.1.50(stage-js@1.0.0-alpha.17)(typescript@5.9.3)(web-tree-sitter@0.25.10)
      react: 19.2.0
      react-reconciler: 0.32.0(react@19.2.0)
    transitivePeerDependencies:
      - stage-js
      - typescript
      - web-tree-sitter

  '@tokenizer/token@0.3.0': {}

  '@types/bun@1.3.2(@types/react@19.2.7)':
    dependencies:
      bun-types: 1.3.2(@types/react@19.2.7)
    transitivePeerDependencies:
      - '@types/react'

  '@types/node-fetch@2.6.13':
    dependencies:
      '@types/node': 24.10.1
      form-data: 4.0.5

  '@types/node@16.9.1': {}

  '@types/node@18.19.130':
    dependencies:
      undici-types: 5.26.5

  '@types/node@24.10.1':
    dependencies:
      undici-types: 7.16.0

  '@types/react@19.2.7':
    dependencies:
      csstype: 3.2.3

  '@webgpu/types@0.1.66':
    optional: true

  abort-controller@3.0.0:
    dependencies:
      event-target-shim: 5.0.1

  agentkeepalive@4.6.0:
    dependencies:
      humanize-ms: 1.2.1

  any-base@1.1.0: {}

  asynckit@0.4.0: {}

  await-to-js@3.0.0: {}

  base64-js@1.5.1: {}

  bmp-ts@1.0.9: {}

  buffer@6.0.3:
    dependencies:
      base64-js: 1.5.1
      ieee754: 1.2.1

  bun-ffi-structs@0.1.2(typescript@5.9.3):
    dependencies:
      typescript: 5.9.3

  bun-types@1.3.2(@types/react@19.2.7):
    dependencies:
      '@types/node': 24.10.1
      '@types/react': 19.2.7

  bun-webgpu-darwin-arm64@0.1.4:
    optional: true

  bun-webgpu-darwin-x64@0.1.4:
    optional: true

  bun-webgpu-linux-x64@0.1.4:
    optional: true

  bun-webgpu-win32-x64@0.1.4:
    optional: true

  bun-webgpu@0.1.4:
    dependencies:
      '@webgpu/types': 0.1.66
    optionalDependencies:
      bun-webgpu-darwin-arm64: 0.1.4
      bun-webgpu-darwin-x64: 0.1.4
      bun-webgpu-linux-x64: 0.1.4
      bun-webgpu-win32-x64: 0.1.4
    optional: true

  call-bind-apply-helpers@1.0.2:
    dependencies:
      es-errors: 1.3.0
      function-bind: 1.1.2

  combined-stream@1.0.8:
    dependencies:
      delayed-stream: 1.0.0

  csstype@3.2.3: {}

  delayed-stream@1.0.0: {}

  dunder-proto@1.0.1:
    dependencies:
      call-bind-apply-helpers: 1.0.2
      es-errors: 1.3.0
      gopd: 1.2.0

  es-define-property@1.0.1: {}

  es-errors@1.3.0: {}

  es-object-atoms@1.1.1:
    dependencies:
      es-errors: 1.3.0

  es-set-tostringtag@2.1.0:
    dependencies:
      es-errors: 1.3.0
      get-intrinsic: 1.3.0
      has-tostringtag: 1.0.2
      hasown: 2.0.2

  event-target-shim@5.0.1: {}

  events@3.3.0: {}

  exif-parser@0.1.12: {}

  file-type@16.5.4:
    dependencies:
      readable-web-to-node-stream: 3.0.4
      strtok3: 6.3.0
      token-types: 4.2.1

  form-data-encoder@1.7.2: {}

  form-data@4.0.5:
    dependencies:
      asynckit: 0.4.0
      combined-stream: 1.0.8
      es-set-tostringtag: 2.1.0
      hasown: 2.0.2
      mime-types: 2.1.35

  formdata-node@4.4.1:
    dependencies:
      node-domexception: 1.0.0
      web-streams-polyfill: 4.0.0-beta.3

  function-bind@1.1.2: {}

  get-intrinsic@1.3.0:
    dependencies:
      call-bind-apply-helpers: 1.0.2
      es-define-property: 1.0.1
      es-errors: 1.3.0
      es-object-atoms: 1.1.1
      function-bind: 1.1.2
      get-proto: 1.0.1
      gopd: 1.2.0
      has-symbols: 1.1.0
      hasown: 2.0.2
      math-intrinsics: 1.1.0

  get-proto@1.0.1:
    dependencies:
      dunder-proto: 1.0.1
      es-object-atoms: 1.1.1

  gifwrap@0.10.1:
    dependencies:
      image-q: 4.0.0
      omggif: 1.0.10

  glob@13.0.0:
    dependencies:
      minimatch: 10.1.1
      minipass: 7.1.2
      path-scurry: 2.0.1

  gopd@1.2.0: {}

  has-symbols@1.1.0: {}

  has-tostringtag@1.0.2:
    dependencies:
      has-symbols: 1.1.0

  hasown@2.0.2:
    dependencies:
      function-bind: 1.1.2

  humanize-ms@1.2.1:
    dependencies:
      ms: 2.1.3

  ieee754@1.2.1: {}

  image-q@4.0.0:
    dependencies:
      '@types/node': 16.9.1

  jimp@1.6.0:
    dependencies:
      '@jimp/core': 1.6.0
      '@jimp/diff': 1.6.0
      '@jimp/js-bmp': 1.6.0
      '@jimp/js-gif': 1.6.0
      '@jimp/js-jpeg': 1.6.0
      '@jimp/js-png': 1.6.0
      '@jimp/js-tiff': 1.6.0
      '@jimp/plugin-blit': 1.6.0
      '@jimp/plugin-blur': 1.6.0
      '@jimp/plugin-circle': 1.6.0
      '@jimp/plugin-color': 1.6.0
      '@jimp/plugin-contain': 1.6.0
      '@jimp/plugin-cover': 1.6.0
      '@jimp/plugin-crop': 1.6.0
      '@jimp/plugin-displace': 1.6.0
      '@jimp/plugin-dither': 1.6.0
      '@jimp/plugin-fisheye': 1.6.0
      '@jimp/plugin-flip': 1.6.0
      '@jimp/plugin-hash': 1.6.0
      '@jimp/plugin-mask': 1.6.0
      '@jimp/plugin-print': 1.6.0
      '@jimp/plugin-quantize': 1.6.0
      '@jimp/plugin-resize': 1.6.0
      '@jimp/plugin-rotate': 1.6.0
      '@jimp/plugin-threshold': 1.6.0
      '@jimp/types': 1.6.0
      '@jimp/utils': 1.6.0

  jose@4.15.9: {}

  jpeg-js@0.4.4: {}

  lru-cache@11.2.2: {}

  math-intrinsics@1.1.0: {}

  mime-db@1.52.0: {}

  mime-types@2.1.35:
    dependencies:
      mime-db: 1.52.0

  mime@3.0.0: {}

  minimatch@10.1.1:
    dependencies:
      '@isaacs/brace-expansion': 5.0.0

  minipass@7.1.2: {}

  ms@2.1.3: {}

  node-domexception@1.0.0: {}

  node-fetch@2.7.0:
    dependencies:
      whatwg-url: 5.0.0

  omggif@1.0.10: {}

  pako@1.0.11: {}

  parse-bmfont-ascii@1.0.6: {}

  parse-bmfont-binary@1.0.6: {}

  parse-bmfont-xml@1.1.6:
    dependencies:
      xml-parse-from-string: 1.0.1
      xml2js: 0.5.0

  path-scurry@2.0.1:
    dependencies:
      lru-cache: 11.2.2
      minipass: 7.1.2

  peek-readable@4.1.0: {}

  pixelmatch@5.3.0:
    dependencies:
      pngjs: 6.0.0

  planck@1.4.2(stage-js@1.0.0-alpha.17):
    dependencies:
      stage-js: 1.0.0-alpha.17
    optional: true

  pngjs@6.0.0: {}

  pngjs@7.0.0: {}

  process@0.11.10: {}

  react-reconciler@0.32.0(react@19.2.0):
    dependencies:
      react: 19.2.0
      scheduler: 0.26.0

  react@19.2.0: {}

  readable-stream@4.7.0:
    dependencies:
      abort-controller: 3.0.0
      buffer: 6.0.3
      events: 3.3.0
      process: 0.11.10
      string_decoder: 1.3.0

  readable-web-to-node-stream@3.0.4:
    dependencies:
      readable-stream: 4.7.0

  safe-buffer@5.2.1: {}

  sax@1.4.3: {}

  scheduler@0.26.0: {}

  simple-xml-to-json@1.2.3: {}

  stage-js@1.0.0-alpha.17:
    optional: true

  string_decoder@1.3.0:
    dependencies:
      safe-buffer: 5.2.1

  strtok3@6.3.0:
    dependencies:
      '@tokenizer/token': 0.3.0
      peek-readable: 4.1.0

  three@0.177.0:
    optional: true

  tinycolor2@1.6.0: {}

  token-types@4.2.1:
    dependencies:
      '@tokenizer/token': 0.3.0
      ieee754: 1.2.1

  tr46@0.0.3: {}

  typescript@5.9.3: {}

  undici-types@5.26.5: {}

  undici-types@7.16.0: {}

  utif2@4.1.0:
    dependencies:
      pako: 1.0.11

  web-streams-polyfill@4.0.0-beta.3: {}

  web-tree-sitter@0.25.10: {}

  webidl-conversions@3.0.1: {}

  whatwg-url@5.0.0:
    dependencies:
      tr46: 0.0.3
      webidl-conversions: 3.0.1

  xml-parse-from-string@1.0.1: {}

  xml2js@0.5.0:
    dependencies:
      sax: 1.4.3
      xmlbuilder: 11.0.1

  xmlbuilder@11.0.1: {}

  yoga-layout@3.2.1: {}

  zod@3.25.76: {}
